
Microsoft Visual Studio Solution File, Format Version 12.00
# Visual Studio Version 17
VisualStudioVersion = 17.13.35931.197
MinimumVisualStudioVersion = 10.0.40219.1
Project("{FAE04EC0-301F-11D3-BF4B-00C04F79EFBC}") = "SmartClinic.API", "SmartClinic.API\SmartClinic.API.csproj", "{E80FB938-1097-4EEA-8DFF-B99318B25768}"
	ProjectSection(ProjectDependencies) = postProject
		{D6760781-1627-47C9-AEAE-6CEC89CD1965} = {D6760781-1627-47C9-AEAE-6CEC89CD1965}
	EndProjectSection
EndProject
Project("{FAE04EC0-301F-11D3-BF4B-00C04F79EFBC}") = "SmartClinic.Application", "SmartClinic.Application\SmartClinic.Application.csproj", "{D6760781-1627-47C9-AEAE-6CEC89CD1965}"
EndProject
Project("{FAE04EC0-301F-11D3-BF4B-00C04F79EFBC}") = "SmartClinic.Domain", "SmartClinic.Domain\SmartClinic.Domain.csproj", "{03DC6205-75CB-454E-A1BF-C69D2F370112}"
EndProject
Project("{FAE04EC0-301F-11D3-BF4B-00C04F79EFBC}") = "SmartClinic.Infrastructure", "SmartClinic.Infrastructure\SmartClinic.Infrastructure.csproj", "{5FF82C95-19FF-7FD3-863C-249E3238DD2E}"
	ProjectSection(ProjectDependencies) = postProject
		{D6760781-1627-47C9-AEAE-6CEC89CD1965} = {D6760781-1627-47C9-AEAE-6CEC89CD1965}
	EndProjectSection
EndProject
Project("{FAE04EC0-301F-11D3-BF4B-00C04F79EFBC}") = "SmartClinic.Tests", "SmartClinic.Tests\SmartClinic.Tests.csproj", "{1C0BA996-827A-4AEB-90D8-9DF7D7D483B1}"
EndProject
Global
	GlobalSection(SolutionConfigurationPlatforms) = preSolution
		Debug|Any CPU = Debug|Any CPU
		Debug|x64 = Debug|x64
		Debug|x86 = Debug|x86
		Release|Any CPU = Release|Any CPU
		Release|x64 = Release|x64
		Release|x86 = Release|x86
	EndGlobalSection
	GlobalSection(ProjectConfigurationPlatforms) = postSolution
		{E80FB938-1097-4EEA-8DFF-B99318B25768}.Debug|Any CPU.ActiveCfg = Debug|Any CPU
		{E80FB938-1097-4EEA-8DFF-B99318B25768}.Debug|Any CPU.Build.0 = Debug|Any CPU
		{E80FB938-1097-4EEA-8DFF-B99318B25768}.Debug|x64.ActiveCfg = Debug|Any CPU
		{E80FB938-1097-4EEA-8DFF-B99318B25768}.Debug|x64.Build.0 = Debug|Any CPU
		{E80FB938-1097-4EEA-8DFF-B99318B25768}.Debug|x86.ActiveCfg = Debug|Any CPU
		{E80FB938-1097-4EEA-8DFF-B99318B25768}.Debug|x86.Build.0 = Debug|Any CPU
		{E80FB938-1097-4EEA-8DFF-B99318B25768}.Release|Any CPU.ActiveCfg = Release|Any CPU
		{E80FB938-1097-4EEA-8DFF-B99318B25768}.Release|Any CPU.Build.0 = Release|Any CPU
		{E80FB938-1097-4EEA-8DFF-B99318B25768}.Release|x64.ActiveCfg = Release|Any CPU
		{E80FB938-1097-4EEA-8DFF-B99318B25768}.Release|x64.Build.0 = Release|Any CPU
		{E80FB938-1097-4EEA-8DFF-B99318B25768}.Release|x86.ActiveCfg = Release|Any CPU
		{E80FB938-1097-4EEA-8DFF-B99318B25768}.Release|x86.Build.0 = Release|Any CPU
		{D6760781-1627-47C9-AEAE-6CEC89CD1965}.Debug|Any CPU.ActiveCfg = Debug|Any CPU
		{D6760781-1627-47C9-AEAE-6CEC89CD1965}.Debug|Any CPU.Build.0 = Debug|Any CPU
		{D6760781-1627-47C9-AEAE-6CEC89CD1965}.Debug|x64.ActiveCfg = Debug|Any CPU
		{D6760781-1627-47C9-AEAE-6CEC89CD1965}.Debug|x64.Build.0 = Debug|Any CPU
		{D6760781-1627-47C9-AEAE-6CEC89CD1965}.Debug|x86.ActiveCfg = Debug|Any CPU
		{D6760781-1627-47C9-AEAE-6CEC89CD1965}.Debug|x86.Build.0 = Debug|Any CPU
		{D6760781-1627-47C9-AEAE-6CEC89CD1965}.Release|Any CPU.ActiveCfg = Release|Any CPU
		{D6760781-1627-47C9-AEAE-6CEC89CD1965}.Release|Any CPU.Build.0 = Release|Any CPU
		{D6760781-1627-47C9-AEAE-6CEC89CD1965}.Release|x64.ActiveCfg = Release|Any CPU
		{D6760781-1627-47C9-AEAE-6CEC89CD1965}.Release|x64.Build.0 = Release|Any CPU
		{D6760781-1627-47C9-AEAE-6CEC89CD1965}.Release|x86.ActiveCfg = Release|Any CPU
		{D6760781-1627-47C9-AEAE-6CEC89CD1965}.Release|x86.Build.0 = Release|Any CPU
		{03DC6205-75CB-454E-A1BF-C69D2F370112}.Debug|Any CPU.ActiveCfg = Debug|Any CPU
		{03DC6205-75CB-454E-A1BF-C69D2F370112}.Debug|Any CPU.Build.0 = Debug|Any CPU
		{03DC6205-75CB-454E-A1BF-C69D2F370112}.Debug|x64.ActiveCfg = Debug|Any CPU
		{03DC6205-75CB-454E-A1BF-C69D2F370112}.Debug|x64.Build.0 = Debug|Any CPU
		{03DC6205-75CB-454E-A1BF-C69D2F370112}.Debug|x86.ActiveCfg = Debug|Any CPU
		{03DC6205-75CB-454E-A1BF-C69D2F370112}.Debug|x86.Build.0 = Debug|Any CPU
		{03DC6205-75CB-454E-A1BF-C69D2F370112}.Release|Any CPU.ActiveCfg = Release|Any CPU
		{03DC6205-75CB-454E-A1BF-C69D2F370112}.Release|Any CPU.Build.0 = Release|Any CPU
		{03DC6205-75CB-454E-A1BF-C69D2F370112}.Release|x64.ActiveCfg = Release|Any CPU
		{03DC6205-75CB-454E-A1BF-C69D2F370112}.Release|x64.Build.0 = Release|Any CPU
		{03DC6205-75CB-454E-A1BF-C69D2F370112}.Release|x86.ActiveCfg = Release|Any CPU
		{03DC6205-75CB-454E-A1BF-C69D2F370112}.Release|x86.Build.0 = Release|Any CPU
		{5FF82C95-19FF-7FD3-863C-249E3238DD2E}.Debug|Any CPU.ActiveCfg = Debug|Any CPU
		{5FF82C95-19FF-7FD3-863C-249E3238DD2E}.Debug|Any CPU.Build.0 = Debug|Any CPU
		{5FF82C95-19FF-7FD3-863C-249E3238DD2E}.Debug|x64.ActiveCfg = Debug|Any CPU
		{5FF82C95-19FF-7FD3-863C-249E3238DD2E}.Debug|x64.Build.0 = Debug|Any CPU
		{5FF82C95-19FF-7FD3-863C-249E3238DD2E}.Debug|x86.ActiveCfg = Debug|Any CPU
		{5FF82C95-19FF-7FD3-863C-249E3238DD2E}.Debug|x86.Build.0 = Debug|Any CPU
		{5FF82C95-19FF-7FD3-863C-249E3238DD2E}.Release|Any CPU.ActiveCfg = Release|Any CPU
		{5FF82C95-19FF-7FD3-863C-249E3238DD2E}.Release|Any CPU.Build.0 = Release|Any CPU
		{5FF82C95-19FF-7FD3-863C-249E3238DD2E}.Release|x64.ActiveCfg = Release|Any CPU
		{5FF82C95-19FF-7FD3-863C-249E3238DD2E}.Release|x64.Build.0 = Release|Any CPU
		{5FF82C95-19FF-7FD3-863C-249E3238DD2E}.Release|x86.ActiveCfg = Release|Any CPU
		{5FF82C95-19FF-7FD3-863C-249E3238DD2E}.Release|x86.Build.0 = Release|Any CPU
		{1C0BA996-827A-4AEB-90D8-9DF7D7D483B1}.Debug|Any CPU.ActiveCfg = Debug|Any CPU
		{1C0BA996-827A-4AEB-90D8-9DF7D7D483B1}.Debug|Any CPU.Build.0 = Debug|Any CPU
		{1C0BA996-827A-4AEB-90D8-9DF7D7D483B1}.Debug|x64.ActiveCfg = Debug|Any CPU
		{1C0BA996-827A-4AEB-90D8-9DF7D7D483B1}.Debug|x64.Build.0 = Debug|Any CPU
		{1C0BA996-827A-4AEB-90D8-9DF7D7D483B1}.Debug|x86.ActiveCfg = Debug|Any CPU
		{1C0BA996-827A-4AEB-90D8-9DF7D7D483B1}.Debug|x86.Build.0 = Debug|Any CPU
		{1C0BA996-827A-4AEB-90D8-9DF7D7D483B1}.Release|Any CPU.ActiveCfg = Release|Any CPU
		{1C0BA996-827A-4AEB-90D8-9DF7D7D483B1}.Release|Any CPU.Build.0 = Release|Any CPU
		{1C0BA996-827A-4AEB-90D8-9DF7D7D483B1}.Release|x64.ActiveCfg = Release|Any CPU
		{1C0BA996-827A-4AEB-90D8-9DF7D7D483B1}.Release|x64.Build.0 = Release|Any CPU
		{1C0BA996-827A-4AEB-90D8-9DF7D7D483B1}.Release|x86.ActiveCfg = Release|Any CPU
		{1C0BA996-827A-4AEB-90D8-9DF7D7D483B1}.Release|x86.Build.0 = Release|Any CPU
	EndGlobalSection
	GlobalSection(SolutionProperties) = preSolution
		HideSolutionNode = FALSE
	EndGlobalSection
	GlobalSection(ExtensibilityGlobals) = postSolution
		SolutionGuid = {59719C4E-50FB-4BEE-9A51-E29BB8AEBF02}
	EndGlobalSection
EndGlobal
