
Microsoft Visual Studio Solution File, Format Version 12.00
# Visual Studio Version 17
VisualStudioVersion = 17.13.35931.197
MinimumVisualStudioVersion = 10.0.40219.1
Project("{FAE04EC0-301F-11D3-BF4B-00C04F79EFBC}") = "SmartClinic.API", "SmartClinic.API\SmartClinic.API.csproj", "{E80FB938-1097-4EEA-8DFF-B99318B25768}"
	ProjectSection(ProjectDependencies) = postProject
		{D6760781-1627-47C9-AEAE-6CEC89CD1965} = {D6760781-1627-47C9-AEAE-6CEC89CD1965}
	EndProjectSection
EndProject
Project("{FAE04EC0-301F-11D3-BF4B-00C04F79EFBC}") = "SmartClinic.Application", "SmartClinic.Application\SmartClinic.Application.csproj", "{D6760781-1627-47C9-AEAE-6CEC89CD1965}"
	ProjectSection(ProjectDependencies) = postProject
		{5FF82C95-19FF-7FD3-863C-249E3238DD2E} = {5FF82C95-19FF-7FD3-863C-249E3238DD2E}
	EndProjectSection
EndProject
Project("{FAE04EC0-301F-11D3-BF4B-00C04F79EFBC}") = "SmartClinic.Domain", "SmartClinic.Domain\SmartClinic.Domain.csproj", "{03DC6205-75CB-454E-A1BF-C69D2F370112}"
EndProject
Project("{FAE04EC0-301F-11D3-BF4B-00C04F79EFBC}") = "SmartClinic.Infrastructure", "SmartClinic.Infrastructure\SmartClinic.Infrastructure.csproj", "{5FF82C95-19FF-7FD3-863C-249E3238DD2E}"
EndProject
Project("{FAE04EC0-301F-11D3-BF4B-00C04F79EFBC}") = "Testing", "Testing\Testing.csproj", "{73FD3D66-670E-4838-865A-BAE3ABB4E57D}"
EndProject
Global
	GlobalSection(SolutionConfigurationPlatforms) = preSolution
		Debug|Any CPU = Debug|Any CPU
		Release|Any CPU = Release|Any CPU
	EndGlobalSection
	GlobalSection(ProjectConfigurationPlatforms) = postSolution
		{E80FB938-1097-4EEA-8DFF-B99318B25768}.Debug|Any CPU.ActiveCfg = Debug|Any CPU
		{E80FB938-1097-4EEA-8DFF-B99318B25768}.Debug|Any CPU.Build.0 = Debug|Any CPU
		{E80FB938-1097-4EEA-8DFF-B99318B25768}.Release|Any CPU.ActiveCfg = Release|Any CPU
		{E80FB938-1097-4EEA-8DFF-B99318B25768}.Release|Any CPU.Build.0 = Release|Any CPU
		{D6760781-1627-47C9-AEAE-6CEC89CD1965}.Debug|Any CPU.ActiveCfg = Debug|Any CPU
		{D6760781-1627-47C9-AEAE-6CEC89CD1965}.Debug|Any CPU.Build.0 = Debug|Any CPU
		{D6760781-1627-47C9-AEAE-6CEC89CD1965}.Release|Any CPU.ActiveCfg = Release|Any CPU
		{D6760781-1627-47C9-AEAE-6CEC89CD1965}.Release|Any CPU.Build.0 = Release|Any CPU
		{03DC6205-75CB-454E-A1BF-C69D2F370112}.Debug|Any CPU.ActiveCfg = Debug|Any CPU
		{03DC6205-75CB-454E-A1BF-C69D2F370112}.Debug|Any CPU.Build.0 = Debug|Any CPU
		{03DC6205-75CB-454E-A1BF-C69D2F370112}.Release|Any CPU.ActiveCfg = Release|Any CPU
		{03DC6205-75CB-454E-A1BF-C69D2F370112}.Release|Any CPU.Build.0 = Release|Any CPU
		{5FF82C95-19FF-7FD3-863C-249E3238DD2E}.Debug|Any CPU.ActiveCfg = Debug|Any CPU
		{5FF82C95-19FF-7FD3-863C-249E3238DD2E}.Debug|Any CPU.Build.0 = Debug|Any CPU
		{5FF82C95-19FF-7FD3-863C-249E3238DD2E}.Release|Any CPU.ActiveCfg = Release|Any CPU
		{5FF82C95-19FF-7FD3-863C-249E3238DD2E}.Release|Any CPU.Build.0 = Release|Any CPU
		{73FD3D66-670E-4838-865A-BAE3ABB4E57D}.Debug|Any CPU.ActiveCfg = Debug|Any CPU
		{73FD3D66-670E-4838-865A-BAE3ABB4E57D}.Debug|Any CPU.Build.0 = Debug|Any CPU
		{73FD3D66-670E-4838-865A-BAE3ABB4E57D}.Release|Any CPU.ActiveCfg = Release|Any CPU
		{73FD3D66-670E-4838-865A-BAE3ABB4E57D}.Release|Any CPU.Build.0 = Release|Any CPU
	EndGlobalSection
	GlobalSection(SolutionProperties) = preSolution
		HideSolutionNode = FALSE
	EndGlobalSection
	GlobalSection(ExtensibilityGlobals) = postSolution
		SolutionGuid = {59719C4E-50FB-4BEE-9A51-E29BB8AEBF02}
	EndGlobalSection
EndGlobal
